
Microsoft Visual Studio Solution File, Format Version 12.00
# Visual Studio 15
VisualStudioVersion = 15.0.28307.779
MinimumVisualStudioVersion = 10.0.40219.1
Project("{FAE04EC0-301F-11D3-BF4B-00C04F79EFBC}") = "e1_2", "e1_2\e1_2.csproj", "{B7B47606-3058-442B-84B7-FB44AE3AB73B}"
EndProject
Global
	GlobalSection(SolutionConfigurationPlatforms) = preSolution
		Debug|Any CPU = Debug|Any CPU
		Release|Any CPU = Release|Any CPU
	EndGlobalSection
	GlobalSection(ProjectConfigurationPlatforms) = postSolution
		{B7B47606-3058-442B-84B7-FB44AE3AB73B}.Debug|Any CPU.ActiveCfg = Debug|Any CPU
		{B7B47606-3058-442B-84B7-FB44AE3AB73B}.Debug|Any CPU.Build.0 = Debug|Any CPU
		{B7B47606-3058-442B-84B7-FB44AE3AB73B}.Release|Any CPU.ActiveCfg = Release|Any CPU
		{B7B47606-3058-442B-84B7-FB44AE3AB73B}.Release|Any CPU.Build.0 = Release|Any CPU
	EndGlobalSection
	GlobalSection(SolutionProperties) = preSolution
		HideSolutionNode = FALSE
	EndGlobalSection
	GlobalSection(ExtensibilityGlobals) = postSolution
		SolutionGuid = {81263844-473F-4480-9D07-57D490D4328F}
	EndGlobalSection
EndGlobal
